// !$*UTF8*$!
{
	archiveVersion = 1;
	classes = {
	};
	objectVersion = 60;
	objects = {

/* Begin PBXBuildFile section */
		607FACD61AFB9204008FA782 /* AppDelegate.swift in Sources */ = {isa = PBXBuildFile; fileRef = 607FACD51AFB9204008FA782 /* AppDelegate.swift */; };
		607FACDD1AFB9204008FA782 /* Images.xcassets in Resources */ = {isa = PBXBuildFile; fileRef = 607FACDC1AFB9204008FA782 /* Images.xcassets */; };
		607FACE01AFB9204008FA782 /* LaunchScreen.xib in Resources */ = {isa = PBXBuildFile; fileRef = 607FACDE1AFB9204008FA782 /* LaunchScreen.xib */; };
		8C0B8C341CBB03AF00338143 /* sampleCode.txt in Resources */ = {isa = PBXBuildFile; fileRef = 8C0B8C331CBB03AF00338143 /* sampleCode.txt */; };
		8C9564211CE78B8900C0C7FA /* Samples in Resources */ = {isa = PBXBuildFile; fileRef = 8C9564201CE78B7500C0C7FA /* Samples */; };
		8C9564291CE79E5200C0C7FA /* AppDelegate.swift in Sources */ = {isa = PBXBuildFile; fileRef = 8C9564281CE79E5200C0C7FA /* AppDelegate.swift */; };
		8C95642B1CE79E5200C0C7FA /* Assets.xcassets in Resources */ = {isa = PBXBuildFile; fileRef = 8C95642A1CE79E5200C0C7FA /* Assets.xcassets */; };
		8C95642E1CE79E5200C0C7FA /* MainMenu.xib in Resources */ = {isa = PBXBuildFile; fileRef = 8C95642C1CE79E5200C0C7FA /* MainMenu.xib */; };
		8C9564361CE7A14A00C0C7FA /* sampleCode.txt in Resources */ = {isa = PBXBuildFile; fileRef = 8C0B8C331CBB03AF00338143 /* sampleCode.txt */; };
		8CAC85751CDBBA930079CEC2 /* SampleCode.swift in Sources */ = {isa = PBXBuildFile; fileRef = 8CAC85731CDBBA930079CEC2 /* SampleCode.swift */; };
		8CAC85761CDBBA930079CEC2 /* SampleCode.xib in Resources */ = {isa = PBXBuildFile; fileRef = 8CAC85741CDBBA930079CEC2 /* SampleCode.xib */; };
		CC9DA91E2E0215D400622C0F /* Highlightr in Frameworks */ = {isa = PBXBuildFile; productRef = CC9DA91D2E0215D400622C0F /* Highlightr */; };
		CC9DA9202E02160300622C0F /* Highlightr in Frameworks */ = {isa = PBXBuildFile; productRef = CC9DA91F2E02160300622C0F /* Highlightr */; };
		CC9DA9232E0216E100622C0F /* ActionSheetPicker-3.0 in Frameworks */ = {isa = PBXBuildFile; productRef = CC9DA9222E0216E100622C0F /* ActionSheetPicker-3.0 */; };
/* End PBXBuildFile section */

/* Begin PBXFileReference section */
		607FACD01AFB9204008FA782 /* Highlightr_Example.app */ = {isa = PBXFileReference; explicitFileType = wrapper.application; includeInIndex = 0; path = Highlightr_Example.app; sourceTree = BUILT_PRODUCTS_DIR; };
		607FACD41AFB9204008FA782 /* Info.plist */ = {isa = PBXFileReference; lastKnownFileType = text.plist.xml; path = Info.plist; sourceTree = "<group>"; };
		607FACD51AFB9204008FA782 /* AppDelegate.swift */ = {isa = PBXFileReference; lastKnownFileType = sourcecode.swift; path = AppDelegate.swift; sourceTree = "<group>"; };
		607FACDC1AFB9204008FA782 /* Images.xcassets */ = {isa = PBXFileReference; lastKnownFileType = folder.assetcatalog; path = Images.xcassets; sourceTree = "<group>"; };
		607FACDF1AFB9204008FA782 /* Base */ = {isa = PBXFileReference; lastKnownFileType = file.xib; name = Base; path = Base.lproj/LaunchScreen.xib; sourceTree = "<group>"; };
		8C0B8C331CBB03AF00338143 /* sampleCode.txt */ = {isa = PBXFileReference; fileEncoding = 4; lastKnownFileType = text; path = sampleCode.txt; sourceTree = "<group>"; };
		8C9564201CE78B7500C0C7FA /* Samples */ = {isa = PBXFileReference; lastKnownFileType = folder; path = Samples; sourceTree = "<group>"; };
		8C9564261CE79E5200C0C7FA /* Highlightr_OSX_Example.app */ = {isa = PBXFileReference; explicitFileType = wrapper.application; includeInIndex = 0; path = Highlightr_OSX_Example.app; sourceTree = BUILT_PRODUCTS_DIR; };
		8C9564281CE79E5200C0C7FA /* AppDelegate.swift */ = {isa = PBXFileReference; lastKnownFileType = sourcecode.swift; path = AppDelegate.swift; sourceTree = "<group>"; };
		8C95642A1CE79E5200C0C7FA /* Assets.xcassets */ = {isa = PBXFileReference; lastKnownFileType = folder.assetcatalog; path = Assets.xcassets; sourceTree = "<group>"; };
		8C95642D1CE79E5200C0C7FA /* Base */ = {isa = PBXFileReference; lastKnownFileType = file.xib; name = Base; path = Base.lproj/MainMenu.xib; sourceTree = "<group>"; };
		8C95642F1CE79E5200C0C7FA /* Info.plist */ = {isa = PBXFileReference; lastKnownFileType = text.plist.xml; path = Info.plist; sourceTree = "<group>"; };
		8CAC85731CDBBA930079CEC2 /* SampleCode.swift */ = {isa = PBXFileReference; fileEncoding = 4; lastKnownFileType = sourcecode.swift; path = SampleCode.swift; sourceTree = "<group>"; };
		8CAC85741CDBBA930079CEC2 /* SampleCode.xib */ = {isa = PBXFileReference; fileEncoding = 4; lastKnownFileType = file.xib; path = SampleCode.xib; sourceTree = "<group>"; };
/* End PBXFileReference section */

/* Begin PBXFrameworksBuildPhase section */
		607FACCD1AFB9204008FA782 /* Frameworks */ = {
			isa = PBXFrameworksBuildPhase;
			buildActionMask = 2147483647;
			files = (
				CC9DA9232E0216E100622C0F /* ActionSheetPicker-3.0 in Frameworks */,
				CC9DA91E2E0215D400622C0F /* Highlightr in Frameworks */,
			);
			runOnlyForDeploymentPostprocessing = 0;
		};
		8C9564231CE79E5200C0C7FA /* Frameworks */ = {
			isa = PBXFrameworksBuildPhase;
			buildActionMask = 2147483647;
			files = (
				CC9DA9202E02160300622C0F /* Highlightr in Frameworks */,
			);
			runOnlyForDeploymentPostprocessing = 0;
		};
/* End PBXFrameworksBuildPhase section */

/* Begin PBXGroup section */
		607FACC71AFB9204008FA782 = {
			isa = PBXGroup;
			children = (
				607FACD21AFB9204008FA782 /* Example for Highlightr */,
				8C9564271CE79E5200C0C7FA /* Highlightr_OSX_Example */,
				607FACD11AFB9204008FA782 /* Products */,
			);
			sourceTree = "<group>";
		};
		607FACD11AFB9204008FA782 /* Products */ = {
			isa = PBXGroup;
			children = (
				607FACD01AFB9204008FA782 /* Highlightr_Example.app */,
				8C9564261CE79E5200C0C7FA /* Highlightr_OSX_Example.app */,
			);
			name = Products;
			sourceTree = "<group>";
		};
		607FACD21AFB9204008FA782 /* Example for Highlightr */ = {
			isa = PBXGroup;
			children = (
				8C9564201CE78B7500C0C7FA /* Samples */,
				607FACD51AFB9204008FA782 /* AppDelegate.swift */,
				607FACDC1AFB9204008FA782 /* Images.xcassets */,
				607FACDE1AFB9204008FA782 /* LaunchScreen.xib */,
				8C0B8C331CBB03AF00338143 /* sampleCode.txt */,
				8CAC85731CDBBA930079CEC2 /* SampleCode.swift */,
				8CAC85741CDBBA930079CEC2 /* SampleCode.xib */,
				607FACD31AFB9204008FA782 /* Supporting Files */,
			);
			name = "Example for Highlightr";
			path = Highlightr;
			sourceTree = "<group>";
		};
		607FACD31AFB9204008FA782 /* Supporting Files */ = {
			isa = PBXGroup;
			children = (
				607FACD41AFB9204008FA782 /* Info.plist */,
			);
			name = "Supporting Files";
			sourceTree = "<group>";
		};
		8C9564271CE79E5200C0C7FA /* Highlightr_OSX_Example */ = {
			isa = PBXGroup;
			children = (
				8C9564281CE79E5200C0C7FA /* AppDelegate.swift */,
				8C95642A1CE79E5200C0C7FA /* Assets.xcassets */,
				8C95642C1CE79E5200C0C7FA /* MainMenu.xib */,
				8C95642F1CE79E5200C0C7FA /* Info.plist */,
			);
			path = Highlightr_OSX_Example;
			sourceTree = "<group>";
		};
/* End PBXGroup section */

/* Begin PBXNativeTarget section */
		607FACCF1AFB9204008FA782 /* Highlightr_Example */ = {
			isa = PBXNativeTarget;
			buildConfigurationList = 607FACEF1AFB9204008FA782 /* Build configuration list for PBXNativeTarget "Highlightr_Example" */;
			buildPhases = (
				607FACCC1AFB9204008FA782 /* Sources */,
				607FACCD1AFB9204008FA782 /* Frameworks */,
				607FACCE1AFB9204008FA782 /* Resources */,
			);
			buildRules = (
			);
			dependencies = (
			);
			name = Highlightr_Example;
			productName = Highlightr;
			productReference = 607FACD01AFB9204008FA782 /* Highlightr_Example.app */;
			productType = "com.apple.product-type.application";
		};
		8C9564251CE79E5200C0C7FA /* Highlightr_OSX_Example */ = {
			isa = PBXNativeTarget;
			buildConfigurationList = 8C9564301CE79E5200C0C7FA /* Build configuration list for PBXNativeTarget "Highlightr_OSX_Example" */;
			buildPhases = (
				8C9564221CE79E5200C0C7FA /* Sources */,
				8C9564231CE79E5200C0C7FA /* Frameworks */,
				8C9564241CE79E5200C0C7FA /* Resources */,
			);
			buildRules = (
			);
			dependencies = (
			);
			name = Highlightr_OSX_Example;
			productName = Highlightr_OSX_Example;
			productReference = 8C9564261CE79E5200C0C7FA /* Highlightr_OSX_Example.app */;
			productType = "com.apple.product-type.application";
		};
/* End PBXNativeTarget section */

/* Begin PBXProject section */
		607FACC81AFB9204008FA782 /* Project object */ = {
			isa = PBXProject;
			attributes = {
				LastSwiftUpdateCheck = 0730;
				LastUpgradeCheck = 0910;
				ORGANIZATIONNAME = CocoaPods;
				TargetAttributes = {
					607FACCF1AFB9204008FA782 = {
						CreatedOnToolsVersion = 6.3.1;
						LastSwiftMigration = 0910;
						ProvisioningStyle = Manual;
					};
					8C9564251CE79E5200C0C7FA = {
						CreatedOnToolsVersion = 7.3.1;
						LastSwiftMigration = 0800;
					};
				};
			};
			buildConfigurationList = 607FACCB1AFB9204008FA782 /* Build configuration list for PBXProject "Highlightr" */;
			compatibilityVersion = "Xcode 3.2";
			developmentRegion = English;
			hasScannedForEncodings = 0;
			knownRegions = (
				English,
				en,
				Base,
			);
			mainGroup = 607FACC71AFB9204008FA782;
			packageReferences = (
				CC9DA91C2E0215D400622C0F /* XCLocalSwiftPackageReference "../../Highlightr" */,
				CC9DA9212E0216E000622C0F /* XCRemoteSwiftPackageReference "ActionSheetPicker-3" */,
			);
			productRefGroup = 607FACD11AFB9204008FA782 /* Products */;
			projectDirPath = "";
			projectRoot = "";
			targets = (
				607FACCF1AFB9204008FA782 /* Highlightr_Example */,
				8C9564251CE79E5200C0C7FA /* Highlightr_OSX_Example */,
			);
		};
/* End PBXProject section */

/* Begin PBXResourcesBuildPhase section */
		607FACCE1AFB9204008FA782 /* Resources */ = {
			isa = PBXResourcesBuildPhase;
			buildActionMask = 2147483647;
			files = (
				8C9564211CE78B8900C0C7FA /* Samples in Resources */,
				8CAC85761CDBBA930079CEC2 /* SampleCode.xib in Resources */,
				607FACE01AFB9204008FA782 /* LaunchScreen.xib in Resources */,
				607FACDD1AFB9204008FA782 /* Images.xcassets in Resources */,
				8C0B8C341CBB03AF00338143 /* sampleCode.txt in Resources */,
			);
			runOnlyForDeploymentPostprocessing = 0;
		};
		8C9564241CE79E5200C0C7FA /* Resources */ = {
			isa = PBXResourcesBuildPhase;
			buildActionMask = 2147483647;
			files = (
				8C95642B1CE79E5200C0C7FA /* Assets.xcassets in Resources */,
				8C9564361CE7A14A00C0C7FA /* sampleCode.txt in Resources */,
				8C95642E1CE79E5200C0C7FA /* MainMenu.xib in Resources */,
			);
			runOnlyForDeploymentPostprocessing = 0;
		};
/* End PBXResourcesBuildPhase section */

/* Begin PBXSourcesBuildPhase section */
		607FACCC1AFB9204008FA782 /* Sources */ = {
			isa = PBXSourcesBuildPhase;
			buildActionMask = 2147483647;
			files = (
				8CAC85751CDBBA930079CEC2 /* SampleCode.swift in Sources */,
				607FACD61AFB9204008FA782 /* AppDelegate.swift in Sources */,
			);
			runOnlyForDeploymentPostprocessing = 0;
		};
		8C9564221CE79E5200C0C7FA /* Sources */ = {
			isa = PBXSourcesBuildPhase;
			buildActionMask = 2147483647;
			files = (
				8C9564291CE79E5200C0C7FA /* AppDelegate.swift in Sources */,
			);
			runOnlyForDeploymentPostprocessing = 0;
		};
/* End PBXSourcesBuildPhase section */

/* Begin PBXVariantGroup section */
		607FACDE1AFB9204008FA782 /* LaunchScreen.xib */ = {
			isa = PBXVariantGroup;
			children = (
				607FACDF1AFB9204008FA782 /* Base */,
			);
			name = LaunchScreen.xib;
			sourceTree = "<group>";
		};
		8C95642C1CE79E5200C0C7FA /* MainMenu.xib */ = {
			isa = PBXVariantGroup;
			children = (
				8C95642D1CE79E5200C0C7FA /* Base */,
			);
			name = MainMenu.xib;
			sourceTree = "<group>";
		};
/* End PBXVariantGroup section */

/* Begin XCBuildConfiguration section */
		607FACED1AFB9204008FA782 /* Debug */ = {
			isa = XCBuildConfiguration;
			buildSettings = {
				ALWAYS_SEARCH_USER_PATHS = NO;
				CLANG_CXX_LANGUAGE_STANDARD = "gnu++0x";
				CLANG_CXX_LIBRARY = "libc++";
				CLANG_ENABLE_MODULES = YES;
				CLANG_ENABLE_OBJC_ARC = YES;
				CLANG_WARN_BLOCK_CAPTURE_AUTORELEASING = YES;
				CLANG_WARN_BOOL_CONVERSION = YES;
				CLANG_WARN_COMMA = YES;
				CLANG_WARN_CONSTANT_CONVERSION = YES;
				CLANG_WARN_DIRECT_OBJC_ISA_USAGE = YES_ERROR;
				CLANG_WARN_EMPTY_BODY = YES;
				CLANG_WARN_ENUM_CONVERSION = YES;
				CLANG_WARN_INFINITE_RECURSION = YES;
				CLANG_WARN_INT_CONVERSION = YES;
				CLANG_WARN_NON_LITERAL_NULL_CONVERSION = YES;
				CLANG_WARN_OBJC_LITERAL_CONVERSION = YES;
				CLANG_WARN_OBJC_ROOT_CLASS = YES_ERROR;
				CLANG_WARN_RANGE_LOOP_ANALYSIS = YES;
				CLANG_WARN_STRICT_PROTOTYPES = YES;
				CLANG_WARN_SUSPICIOUS_MOVE = YES;
				CLANG_WARN_UNREACHABLE_CODE = YES;
				CLANG_WARN__DUPLICATE_METHOD_MATCH = YES;
				"CODE_SIGN_IDENTITY[sdk=iphoneos*]" = "iPhone Developer";
				COPY_PHASE_STRIP = NO;
				DEBUG_INFORMATION_FORMAT = "dwarf-with-dsym";
				ENABLE_STRICT_OBJC_MSGSEND = YES;
				ENABLE_TESTABILITY = YES;
				GCC_C_LANGUAGE_STANDARD = gnu99;
				GCC_DYNAMIC_NO_PIC = NO;
				GCC_NO_COMMON_BLOCKS = YES;
				GCC_OPTIMIZATION_LEVEL = 0;
				GCC_PREPROCESSOR_DEFINITIONS = (
					"DEBUG=1",
					"$(inherited)",
				);
				GCC_SYMBOLS_PRIVATE_EXTERN = NO;
				GCC_WARN_64_TO_32_BIT_CONVERSION = YES;
				GCC_WARN_ABOUT_RETURN_TYPE = YES_ERROR;
				GCC_WARN_UNDECLARED_SELECTOR = YES;
				GCC_WARN_UNINITIALIZED_AUTOS = YES_AGGRESSIVE;
				GCC_WARN_UNUSED_FUNCTION = YES;
				GCC_WARN_UNUSED_VARIABLE = YES;
				IPHONEOS_DEPLOYMENT_TARGET = 8.3;
				MTL_ENABLE_DEBUG_INFO = YES;
				ONLY_ACTIVE_ARCH = YES;
				SDKROOT = iphoneos;
				SWIFT_OPTIMIZATION_LEVEL = "-Onone";
			};
			name = Debug;
		};
		607FACEE1AFB9204008FA782 /* Release */ = {
			isa = XCBuildConfiguration;
			buildSettings = {
				ALWAYS_SEARCH_USER_PATHS = NO;
				CLANG_CXX_LANGUAGE_STANDARD = "gnu++0x";
				CLANG_CXX_LIBRARY = "libc++";
				CLANG_ENABLE_MODULES = YES;
				CLANG_ENABLE_OBJC_ARC = YES;
				CLANG_WARN_BLOCK_CAPTURE_AUTORELEASING = YES;
				CLANG_WARN_BOOL_CONVERSION = YES;
				CLANG_WARN_COMMA = YES;
				CLANG_WARN_CONSTANT_CONVERSION = YES;
				CLANG_WARN_DIRECT_OBJC_ISA_USAGE = YES_ERROR;
				CLANG_WARN_EMPTY_BODY = YES;
				CLANG_WARN_ENUM_CONVERSION = YES;
				CLANG_WARN_INFINITE_RECURSION = YES;
				CLANG_WARN_INT_CONVERSION = YES;
				CLANG_WARN_NON_LITERAL_NULL_CONVERSION = YES;
				CLANG_WARN_OBJC_LITERAL_CONVERSION = YES;
				CLANG_WARN_OBJC_ROOT_CLASS = YES_ERROR;
				CLANG_WARN_RANGE_LOOP_ANALYSIS = YES;
				CLANG_WARN_STRICT_PROTOTYPES = YES;
				CLANG_WARN_SUSPICIOUS_MOVE = YES;
				CLANG_WARN_UNREACHABLE_CODE = YES;
				CLANG_WARN__DUPLICATE_METHOD_MATCH = YES;
				"CODE_SIGN_IDENTITY[sdk=iphoneos*]" = "iPhone Developer";
				COPY_PHASE_STRIP = NO;
				DEBUG_INFORMATION_FORMAT = "dwarf-with-dsym";
				ENABLE_NS_ASSERTIONS = NO;
				ENABLE_STRICT_OBJC_MSGSEND = YES;
				GCC_C_LANGUAGE_STANDARD = gnu99;
				GCC_NO_COMMON_BLOCKS = YES;
				GCC_WARN_64_TO_32_BIT_CONVERSION = YES;
				GCC_WARN_ABOUT_RETURN_TYPE = YES_ERROR;
				GCC_WARN_UNDECLARED_SELECTOR = YES;
				GCC_WARN_UNINITIALIZED_AUTOS = YES_AGGRESSIVE;
				GCC_WARN_UNUSED_FUNCTION = YES;
				GCC_WARN_UNUSED_VARIABLE = YES;
				IPHONEOS_DEPLOYMENT_TARGET = 8.3;
				MTL_ENABLE_DEBUG_INFO = NO;
				SDKROOT = iphoneos;
				SWIFT_COMPILATION_MODE = wholemodule;
				SWIFT_OPTIMIZATION_LEVEL = "-O";
				VALIDATE_PRODUCT = YES;
			};
			name = Release;
		};
		607FACF01AFB9204008FA782 /* Debug */ = {
			isa = XCBuildConfiguration;
			buildSettings = {
				ASSETCATALOG_COMPILER_APPICON_NAME = AppIcon;
				CODE_SIGN_STYLE = Manual;
				DEVELOPMENT_TEAM = "";
				GCC_OPTIMIZATION_LEVEL = 0;
				INFOPLIST_FILE = Highlightr/Info.plist;
				IPHONEOS_DEPLOYMENT_TARGET = 15.6;
				LD_RUNPATH_SEARCH_PATHS = (
					"$(inherited)",
					"@executable_path/Frameworks",
				);
				MODULE_NAME = ExampleApp;
				PRODUCT_BUNDLE_IDENTIFIER = "org.cocoapods.demo.$(PRODUCT_NAME:rfc1034identifier)";
				PRODUCT_NAME = "$(TARGET_NAME)";
				PROVISIONING_PROFILE_SPECIFIER = "";
				SWIFT_VERSION = 4.0;
				TARGETED_DEVICE_FAMILY = "1,2";
			};
			name = Debug;
		};
		607FACF11AFB9204008FA782 /* Release */ = {
			isa = XCBuildConfiguration;
			buildSettings = {
				ASSETCATALOG_COMPILER_APPICON_NAME = AppIcon;
				CODE_SIGN_STYLE = Manual;
				DEVELOPMENT_TEAM = "";
				INFOPLIST_FILE = Highlightr/Info.plist;
				IPHONEOS_DEPLOYMENT_TARGET = 15.6;
				LD_RUNPATH_SEARCH_PATHS = (
					"$(inherited)",
					"@executable_path/Frameworks",
				);
				MODULE_NAME = ExampleApp;
				PRODUCT_BUNDLE_IDENTIFIER = "org.cocoapods.demo.$(PRODUCT_NAME:rfc1034identifier)";
				PRODUCT_NAME = "$(TARGET_NAME)";
				PROVISIONING_PROFILE_SPECIFIER = "";
				SWIFT_VERSION = 4.0;
				TARGETED_DEVICE_FAMILY = "1,2";
			};
			name = Release;
		};
		8C9564311CE79E5200C0C7FA /* Debug */ = {
			isa = XCBuildConfiguration;
			buildSettings = {
				ASSETCATALOG_COMPILER_APPICON_NAME = AppIcon;
				CLANG_ANALYZER_NONNULL = YES;
				CODE_SIGN_IDENTITY = "-";
				COMBINE_HIDPI_IMAGES = YES;
				DEBUG_INFORMATION_FORMAT = dwarf;
				INFOPLIST_FILE = Highlightr_OSX_Example/Info.plist;
				LD_RUNPATH_SEARCH_PATHS = (
					"$(inherited)",
					"@executable_path/../Frameworks",
				);
				MACOSX_DEPLOYMENT_TARGET = 10.11;
				PRODUCT_BUNDLE_IDENTIFIER = "com.raspu.Highlightr-OSX-Example";
				PRODUCT_NAME = "$(TARGET_NAME)";
				SDKROOT = macosx;
				SWIFT_VERSION = 4.0;
			};
			name = Debug;
		};
		8C9564321CE79E5200C0C7FA /* Release */ = {
			isa = XCBuildConfiguration;
			buildSettings = {
				ASSETCATALOG_COMPILER_APPICON_NAME = AppIcon;
				CLANG_ANALYZER_NONNULL = YES;
				CODE_SIGN_IDENTITY = "-";
				COMBINE_HIDPI_IMAGES = YES;
				INFOPLIST_FILE = Highlightr_OSX_Example/Info.plist;
				LD_RUNPATH_SEARCH_PATHS = (
					"$(inherited)",
					"@executable_path/../Frameworks",
				);
				MACOSX_DEPLOYMENT_TARGET = 10.11;
				PRODUCT_BUNDLE_IDENTIFIER = "com.raspu.Highlightr-OSX-Example";
				PRODUCT_NAME = "$(TARGET_NAME)";
				SDKROOT = macosx;
				SWIFT_VERSION = 4.0;
			};
			name = Release;
		};
/* End XCBuildConfiguration section */

/* Begin XCConfigurationList section */
		607FACCB1AFB9204008FA782 /* Build configuration list for PBXProject "Highlightr" */ = {
			isa = XCConfigurationList;
			buildConfigurations = (
				607FACED1AFB9204008FA782 /* Debug */,
				607FACEE1AFB9204008FA782 /* Release */,
			);
			defaultConfigurationIsVisible = 0;
			defaultConfigurationName = Release;
		};
		607FACEF1AFB9204008FA782 /* Build configuration list for PBXNativeTarget "Highlightr_Example" */ = {
			isa = XCConfigurationList;
			buildConfigurations = (
				607FACF01AFB9204008FA782 /* Debug */,
				607FACF11AFB9204008FA782 /* Release */,
			);
			defaultConfigurationIsVisible = 0;
			defaultConfigurationName = Release;
		};
		8C9564301CE79E5200C0C7FA /* Build configuration list for PBXNativeTarget "Highlightr_OSX_Example" */ = {
			isa = XCConfigurationList;
			buildConfigurations = (
				8C9564311CE79E5200C0C7FA /* Debug */,
				8C9564321CE79E5200C0C7FA /* Release */,
			);
			defaultConfigurationIsVisible = 0;
			defaultConfigurationName = Release;
		};
/* End XCConfigurationList section */

/* Begin XCLocalSwiftPackageReference section */
		CC9DA91C2E0215D400622C0F /* XCLocalSwiftPackageReference "../../Highlightr" */ = {
			isa = XCLocalSwiftPackageReference;
			relativePath = ../../Highlightr;
		};
/* End XCLocalSwiftPackageReference section */

/* Begin XCRemoteSwiftPackageReference section */
		CC9DA9212E0216E000622C0F /* XCRemoteSwiftPackageReference "ActionSheetPicker-3" */ = {
			isa = XCRemoteSwiftPackageReference;
			repositoryURL = "https://github.com/skywinder/ActionSheetPicker-3.0";
			requirement = {
				kind = upToNextMajorVersion;
				minimumVersion = 2.7.5;
			};
		};
/* End XCRemoteSwiftPackageReference section */

/* Begin XCSwiftPackageProductDependency section */
		CC9DA91D2E0215D400622C0F /* Highlightr */ = {
			isa = XCSwiftPackageProductDependency;
			productName = Highlightr;
		};
		CC9DA91F2E02160300622C0F /* Highlightr */ = {
			isa = XCSwiftPackageProductDependency;
			package = CC9DA91C2E0215D400622C0F /* XCLocalSwiftPackageReference "../../Highlightr" */;
			productName = Highlightr;
		};
		CC9DA9222E0216E100622C0F /* ActionSheetPicker-3.0 */ = {
			isa = XCSwiftPackageProductDependency;
			package = CC9DA9212E0216E000622C0F /* XCRemoteSwiftPackageReference "ActionSheetPicker-3" */;
			productName = "ActionSheetPicker-3.0";
		};
/* End XCSwiftPackageProductDependency section */
	};
	rootObject = 607FACC81AFB9204008FA782 /* Project object */;
}
